
Microsoft Visual Studio Solution File, Format Version 12.00
# Visual Studio 14
VisualStudioVersion = 14.0.25420.1
MinimumVisualStudioVersion = 10.0.40219.1
Project("{FAE04EC0-301F-11D3-BF4B-00C04F79EFBC}") = "DrawAndPlug", "DrawAndPlug\DrawAndPlug.csproj", "{6933AD5C-3519-4E85-8E9E-1989ECC07695}"
EndProject
Project("{FAE04EC0-301F-11D3-BF4B-00C04F79EFBC}") = "PluginInterface", "PluginInterface\PluginInterface.csproj", "{79051822-3099-4781-9492-BC30B3C4B6FA}"
EndProject
Project("{FAE04EC0-301F-11D3-BF4B-00C04F79EFBC}") = "WatermarkPlugin", "WatermarkPlugin\WatermarkPlugin.csproj", "{3895C504-F9BA-4D47-A8AE-544C776B02A3}"
EndProject
Project("{FAE04EC0-301F-11D3-BF4B-00C04F79EFBC}") = "GrayscalePlugin", "GrayscalePlugin\GrayscalePlugin.csproj", "{BDAAB1DB-C585-473A-AE4B-C4DA4B5032C4}"
EndProject
Global
	GlobalSection(SolutionConfigurationPlatforms) = preSolution
		Debug|Any CPU = Debug|Any CPU
		Release|Any CPU = Release|Any CPU
	EndGlobalSection
	GlobalSection(ProjectConfigurationPlatforms) = postSolution
		{6933AD5C-3519-4E85-8E9E-1989ECC07695}.Debug|Any CPU.ActiveCfg = Debug|Any CPU
		{6933AD5C-3519-4E85-8E9E-1989ECC07695}.Debug|Any CPU.Build.0 = Debug|Any CPU
		{6933AD5C-3519-4E85-8E9E-1989ECC07695}.Release|Any CPU.ActiveCfg = Release|Any CPU
		{6933AD5C-3519-4E85-8E9E-1989ECC07695}.Release|Any CPU.Build.0 = Release|Any CPU
		{79051822-3099-4781-9492-BC30B3C4B6FA}.Debug|Any CPU.ActiveCfg = Debug|Any CPU
		{79051822-3099-4781-9492-BC30B3C4B6FA}.Debug|Any CPU.Build.0 = Debug|Any CPU
		{79051822-3099-4781-9492-BC30B3C4B6FA}.Release|Any CPU.ActiveCfg = Release|Any CPU
		{79051822-3099-4781-9492-BC30B3C4B6FA}.Release|Any CPU.Build.0 = Release|Any CPU
		{3895C504-F9BA-4D47-A8AE-544C776B02A3}.Debug|Any CPU.ActiveCfg = Debug|Any CPU
		{3895C504-F9BA-4D47-A8AE-544C776B02A3}.Debug|Any CPU.Build.0 = Debug|Any CPU
		{3895C504-F9BA-4D47-A8AE-544C776B02A3}.Release|Any CPU.ActiveCfg = Release|Any CPU
		{3895C504-F9BA-4D47-A8AE-544C776B02A3}.Release|Any CPU.Build.0 = Release|Any CPU
		{BDAAB1DB-C585-473A-AE4B-C4DA4B5032C4}.Debug|Any CPU.ActiveCfg = Debug|Any CPU
		{BDAAB1DB-C585-473A-AE4B-C4DA4B5032C4}.Debug|Any CPU.Build.0 = Debug|Any CPU
		{BDAAB1DB-C585-473A-AE4B-C4DA4B5032C4}.Release|Any CPU.ActiveCfg = Release|Any CPU
		{BDAAB1DB-C585-473A-AE4B-C4DA4B5032C4}.Release|Any CPU.Build.0 = Release|Any CPU
	EndGlobalSection
	GlobalSection(SolutionProperties) = preSolution
		HideSolutionNode = FALSE
	EndGlobalSection
EndGlobal
